
Microsoft Visual Studio Solution File, Format Version 12.00
# Visual Studio 15
VisualStudioVersion = 15.0.28010.2019
MinimumVisualStudioVersion = 10.0.40219.1
Project("{9A19103F-16F7-4668-BE54-9A1E7A4F7556}") = "Dashboard-Ejecutivo", "Dashboard-Ejecutivo\Dashboard-Ejecutivo.csproj", "{4E957838-0705-46BF-90AE-B1E575EBC112}"
EndProject
Project("{FAE04EC0-301F-11D3-BF4B-00C04F79EFBC}") = "SharepointPWA", "SharepointPWA\SharepointPWA.csproj", "{D7468E58-891A-48EA-86AB-7DCEC1B3AC7B}"
EndProject
Global
	GlobalSection(SolutionConfigurationPlatforms) = preSolution
		Debug|Any CPU = Debug|Any CPU
		Release|Any CPU = Release|Any CPU
	EndGlobalSection
	GlobalSection(ProjectConfigurationPlatforms) = postSolution
		{4E957838-0705-46BF-90AE-B1E575EBC112}.Debug|Any CPU.ActiveCfg = Debug|Any CPU
		{4E957838-0705-46BF-90AE-B1E575EBC112}.Debug|Any CPU.Build.0 = Debug|Any CPU
		{4E957838-0705-46BF-90AE-B1E575EBC112}.Release|Any CPU.ActiveCfg = Release|Any CPU
		{4E957838-0705-46BF-90AE-B1E575EBC112}.Release|Any CPU.Build.0 = Release|Any CPU
		{D7468E58-891A-48EA-86AB-7DCEC1B3AC7B}.Debug|Any CPU.ActiveCfg = Debug|Any CPU
		{D7468E58-891A-48EA-86AB-7DCEC1B3AC7B}.Debug|Any CPU.Build.0 = Debug|Any CPU
		{D7468E58-891A-48EA-86AB-7DCEC1B3AC7B}.Release|Any CPU.ActiveCfg = Release|Any CPU
		{D7468E58-891A-48EA-86AB-7DCEC1B3AC7B}.Release|Any CPU.Build.0 = Release|Any CPU
	EndGlobalSection
	GlobalSection(SolutionProperties) = preSolution
		HideSolutionNode = FALSE
	EndGlobalSection
	GlobalSection(ExtensibilityGlobals) = postSolution
		SolutionGuid = {8BBCF6A0-ED3A-4681-ACE6-6CD4B7F96EAB}
	EndGlobalSection
EndGlobal
